
Microsoft Visual Studio Solution File, Format Version 12.00
# Visual Studio Version 17
VisualStudioVersion = 17.8.34511.84
MinimumVisualStudioVersion = 10.0.40219.1
Project("{FAE04EC0-301F-11D3-BF4B-00C04F79EFBC}") = "GeometryLibrary", "GeometryLibrary\GeometryLibrary.csproj", "{5F6E51C4-2ADB-4E61-A27A-188280FFDD44}"
EndProject
Project("{FAE04EC0-301F-11D3-BF4B-00C04F79EFBC}") = "GeometryLibraryTests", "GeometryLibraryTests\GeometryLibraryTests.csproj", "{62CC84F9-A477-4C9F-B975-62C6B4D40E48}"
EndProject
Global
	GlobalSection(SolutionConfigurationPlatforms) = preSolution
		Debug|Any CPU = Debug|Any CPU
		Release|Any CPU = Release|Any CPU
	EndGlobalSection
	GlobalSection(ProjectConfigurationPlatforms) = postSolution
		{5F6E51C4-2ADB-4E61-A27A-188280FFDD44}.Debug|Any CPU.ActiveCfg = Debug|Any CPU
		{5F6E51C4-2ADB-4E61-A27A-188280FFDD44}.Debug|Any CPU.Build.0 = Debug|Any CPU
		{5F6E51C4-2ADB-4E61-A27A-188280FFDD44}.Release|Any CPU.ActiveCfg = Release|Any CPU
		{5F6E51C4-2ADB-4E61-A27A-188280FFDD44}.Release|Any CPU.Build.0 = Release|Any CPU
		{62CC84F9-A477-4C9F-B975-62C6B4D40E48}.Debug|Any CPU.ActiveCfg = Debug|Any CPU
		{62CC84F9-A477-4C9F-B975-62C6B4D40E48}.Debug|Any CPU.Build.0 = Debug|Any CPU
		{62CC84F9-A477-4C9F-B975-62C6B4D40E48}.Release|Any CPU.ActiveCfg = Release|Any CPU
		{62CC84F9-A477-4C9F-B975-62C6B4D40E48}.Release|Any CPU.Build.0 = Release|Any CPU
	EndGlobalSection
	GlobalSection(SolutionProperties) = preSolution
		HideSolutionNode = FALSE
	EndGlobalSection
	GlobalSection(ExtensibilityGlobals) = postSolution
		SolutionGuid = {B1E687B2-8704-4555-9A5F-B5AFC0B2F729}
	EndGlobalSection
EndGlobal
